
Microsoft Visual Studio Solution File, Format Version 12.00
# Visual Studio Version 17
VisualStudioVersion = 17.9.34723.18
MinimumVisualStudioVersion = 10.0.40219.1
<<<<<<<< HEAD:Elements Copier.sln
Project("{FAE04EC0-301F-11D3-BF4B-00C04F79EFBC}") = "Elements Copier", "Elements Copier\Elements Copier.csproj", "{A80889C9-56FB-48BC-84CD-7022E6D2560E}"
========
Project("{FAE04EC0-301F-11D3-BF4B-00C04F79EFBC}") = "ElementsCopier", "Revit Plugin [Elements Copier]\ElementsCopier.csproj", "{65995D05-A341-4519-8DB0-54C7B5233631}"
>>>>>>>> d3d0a8c9d1999a19dc9a5f643f4a3043c2e01267:ElementsCopier.sln
EndProject
Global
	GlobalSection(SolutionConfigurationPlatforms) = preSolution
		Debug|Any CPU = Debug|Any CPU
		Release|Any CPU = Release|Any CPU
	EndGlobalSection
	GlobalSection(ProjectConfigurationPlatforms) = postSolution
<<<<<<<< HEAD:Elements Copier.sln
		{A80889C9-56FB-48BC-84CD-7022E6D2560E}.Debug|Any CPU.ActiveCfg = Debug|Any CPU
		{A80889C9-56FB-48BC-84CD-7022E6D2560E}.Debug|Any CPU.Build.0 = Debug|Any CPU
		{A80889C9-56FB-48BC-84CD-7022E6D2560E}.Release|Any CPU.ActiveCfg = Release|Any CPU
		{A80889C9-56FB-48BC-84CD-7022E6D2560E}.Release|Any CPU.Build.0 = Release|Any CPU
========
		{65995D05-A341-4519-8DB0-54C7B5233631}.Debug|Any CPU.ActiveCfg = Debug|Any CPU
		{65995D05-A341-4519-8DB0-54C7B5233631}.Debug|Any CPU.Build.0 = Debug|Any CPU
		{65995D05-A341-4519-8DB0-54C7B5233631}.Release|Any CPU.ActiveCfg = Release|Any CPU
		{65995D05-A341-4519-8DB0-54C7B5233631}.Release|Any CPU.Build.0 = Release|Any CPU
>>>>>>>> d3d0a8c9d1999a19dc9a5f643f4a3043c2e01267:ElementsCopier.sln
	EndGlobalSection
	GlobalSection(SolutionProperties) = preSolution
		HideSolutionNode = FALSE
	EndGlobalSection
	GlobalSection(ExtensibilityGlobals) = postSolution
<<<<<<<< HEAD:Elements Copier.sln
		SolutionGuid = {3996CCBC-D1E2-4D17-A2FA-F3500796EE30}
========
		SolutionGuid = {782B72AF-D92C-4DD2-B150-5173FEC9B044}
>>>>>>>> d3d0a8c9d1999a19dc9a5f643f4a3043c2e01267:ElementsCopier.sln
	EndGlobalSection
EndGlobal
